PODS:
  - FBSnapshotTestCase/Core (2.1.4)
  - SDWebImage (3.8.2):
    - SDWebImage/Core (= 3.8.2)
  - SDWebImage/Core (3.8.2)

DEPENDENCIES:
  - FBSnapshotTestCase/Core
  - SDWebImage (~> 3.8)

SPEC CHECKSUMS:
  FBSnapshotTestCase: 094f9f314decbabe373b87cc339bea235a63e07a
  SDWebImage: 098e97e6176540799c27e804c96653ee0833d13c

PODFILE CHECKSUM: 2ab3d60bc3e8b684ee5955acb49db29f8f543aea

COCOAPODS: 1.2.0
