// !$*UTF8*$!
{
	archiveVersion = 1;
	classes = {
	};
	objectVersion = 46;
	objects = {

/* Begin PBXBuildFile section */
		55B1B03EA0A4F485CB5A8227 /* libPods-MusicSearchTests.a in Frameworks */ = {isa = PBXBuildFile; fileRef = 1FA72D69549AC3F7EE034A28 /* libPods-MusicSearchTests.a */; };
		679F5FBF1E7C60BE0048516D /* ITunesFetcher.m in Sources */ = {isa = PBXBuildFile; fileRef = 679F5FBE1E7C60BE0048516D /* ITunesFetcher.m */; };
		679F5FC21E7C70AD0048516D /* MusicSearchPresenterTests.m in Sources */ = {isa = PBXBuildFile; fileRef = 679F5FC11E7C70AD0048516D /* MusicSearchPresenterTests.m */; };
		679F5FC51E7C780A0048516D /* TrackListMock.json in Resources */ = {isa = PBXBuildFile; fileRef = 679F5FC41E7C780A0048516D /* TrackListMock.json */; };
		679F5FC71E7C7BA00048516D /* TrackListMock.json in Resources */ = {isa = PBXBuildFile; fileRef = 679F5FC41E7C780A0048516D /* TrackListMock.json */; };
		679F5FCB1E7C7FE70048516D /* TrackModel.m in Sources */ = {isa = PBXBuildFile; fileRef = 679F5FCA1E7C7FE70048516D /* TrackModel.m */; };
		679F5FD01E7C844C0048516D /* NSDictionary+SafeValue.m in Sources */ = {isa = PBXBuildFile; fileRef = 679F5FCF1E7C844C0048516D /* NSDictionary+SafeValue.m */; };
		67D05B181E7B47E300153870 /* main.m in Sources */ = {isa = PBXBuildFile; fileRef = 67D05B171E7B47E300153870 /* main.m */; };
		67D05B1B1E7B47E300153870 /* AppDelegate.m in Sources */ = {isa = PBXBuildFile; fileRef = 67D05B1A1E7B47E300153870 /* AppDelegate.m */; };
		67D05B1E1E7B47E300153870 /* TracksListViewController.m in Sources */ = {isa = PBXBuildFile; fileRef = 67D05B1D1E7B47E300153870 /* TracksListViewController.m */; };
		67D05B211E7B47E300153870 /* Main.storyboard in Resources */ = {isa = PBXBuildFile; fileRef = 67D05B1F1E7B47E300153870 /* Main.storyboard */; };
		67D05B231E7B47E300153870 /* Assets.xcassets in Resources */ = {isa = PBXBuildFile; fileRef = 67D05B221E7B47E300153870 /* Assets.xcassets */; };
		67D05B261E7B47E300153870 /* LaunchScreen.storyboard in Resources */ = {isa = PBXBuildFile; fileRef = 67D05B241E7B47E300153870 /* LaunchScreen.storyboard */; };
		67D05B311E7B47E300153870 /* MusicSearchInteractorTests.m in Sources */ = {isa = PBXBuildFile; fileRef = 67D05B301E7B47E300153870 /* MusicSearchInteractorTests.m */; };
		67F218871E7B557800FB2AFF /* TracksListInteractor.m in Sources */ = {isa = PBXBuildFile; fileRef = 67F218861E7B557800FB2AFF /* TracksListInteractor.m */; };
		67F2188A1E7B564400FB2AFF /* TracksListPresenter.m in Sources */ = {isa = PBXBuildFile; fileRef = 67F218891E7B564400FB2AFF /* TracksListPresenter.m */; };
		67F2188D1E7B56E800FB2AFF /* TracksListConfigurator.m in Sources */ = {isa = PBXBuildFile; fileRef = 67F2188C1E7B56E800FB2AFF /* TracksListConfigurator.m */; };
		67F218931E7B570800FB2AFF /* TracksListRouter.m in Sources */ = {isa = PBXBuildFile; fileRef = 67F218921E7B570800FB2AFF /* TracksListRouter.m */; };
		67F218961E7B5C8C00FB2AFF /* TrackCell.m in Sources */ = {isa = PBXBuildFile; fileRef = 67F218951E7B5C8C00FB2AFF /* TrackCell.m */; };
		67F2189A1E7B5E7800FB2AFF /* TracksList_SearchRequest.m in Sources */ = {isa = PBXBuildFile; fileRef = 67F218991E7B5E7800FB2AFF /* TracksList_SearchRequest.m */; };
		67F2189D1E7B5E9400FB2AFF /* TracksList_SearchResponse.m in Sources */ = {isa = PBXBuildFile; fileRef = 67F2189C1E7B5E9400FB2AFF /* TracksList_SearchResponse.m */; };
		67F218A01E7B5EB000FB2AFF /* TracksList_SearchViewModel.m in Sources */ = {isa = PBXBuildFile; fileRef = 67F2189F1E7B5EB000FB2AFF /* TracksList_SearchViewModel.m */; };
		67F833A11E7D711E00ABB159 /* SnapshotTestCase.m in Sources */ = {isa = PBXBuildFile; fileRef = 67F833A01E7D711E00ABB159 /* SnapshotTestCase.m */; };
		67F833A31E7DA55E00ABB159 /* SnapshotTests.m in Sources */ = {isa = PBXBuildFile; fileRef = 67F833A21E7DA55E00ABB159 /* SnapshotTests.m */; };
		67F833A81E7DE69100ABB159 /* FakeFetcher.m in Sources */ = {isa = PBXBuildFile; fileRef = 67F833A71E7DE69100ABB159 /* FakeFetcher.m */; };
		67F833AF1E7DF1C000ABB159 /* UIView+Constraints.m in Sources */ = {isa = PBXBuildFile; fileRef = 67F833AE1E7DF1C000ABB159 /* UIView+Constraints.m */; };
		67F833B51E7DFCF200ABB159 /* EmptyCell.m in Sources */ = {isa = PBXBuildFile; fileRef = 67F833B41E7DFCF200ABB159 /* EmptyCell.m */; };
		67F833B91E7E843100ABB159 /* Storage.m in Sources */ = {isa = PBXBuildFile; fileRef = 67F833B81E7E843100ABB159 /* Storage.m */; };
		67F833C31E7E885A00ABB159 /* TrackDetailViewController.m in Sources */ = {isa = PBXBuildFile; fileRef = 67F833C21E7E885A00ABB159 /* TrackDetailViewController.m */; };
		67F833C61E7E887700ABB159 /* TrackDetailInteractor.m in Sources */ = {isa = PBXBuildFile; fileRef = 67F833C51E7E887700ABB159 /* TrackDetailInteractor.m */; };
		67F833C91E7E888E00ABB159 /* TrackDetailPresenter.m in Sources */ = {isa = PBXBuildFile; fileRef = 67F833C81E7E888E00ABB159 /* TrackDetailPresenter.m */; };
		67F833CC1E7E88A100ABB159 /* TrackDetailConfigurator.m in Sources */ = {isa = PBXBuildFile; fileRef = 67F833CB1E7E88A100ABB159 /* TrackDetailConfigurator.m */; };
		67F833CF1E7E89C200ABB159 /* TrackDetail_ViewModel.m in Sources */ = {isa = PBXBuildFile; fileRef = 67F833CE1E7E89C200ABB159 /* TrackDetail_ViewModel.m */; };
		67F833D21E7E89E300ABB159 /* TrackDetail_Request.m in Sources */ = {isa = PBXBuildFile; fileRef = 67F833D11E7E89E300ABB159 /* TrackDetail_Request.m */; };
		67F833D51E7E8A0100ABB159 /* TrackDetail_Response.m in Sources */ = {isa = PBXBuildFile; fileRef = 67F833D41E7E8A0100ABB159 /* TrackDetail_Response.m */; };
		67F833D81E7EA2B200ABB159 /* TrackDetailViewController.xib in Resources */ = {isa = PBXBuildFile; fileRef = 67F833D71E7EA2B200ABB159 /* TrackDetailViewController.xib */; };
		67F833DF1E7EAB2700ABB159 /* AVFoundation.framework in Frameworks */ = {isa = PBXBuildFile; fileRef = 67F833DE1E7EAB2700ABB159 /* AVFoundation.framework */; };
		67F833E41E7F0BDA00ABB159 /* TrackCell.xib in Resources */ = {isa = PBXBuildFile; fileRef = 67F833E21E7F0BDA00ABB159 /* TrackCell.xib */; };
		D4138578A2D422CF988CD00B /* libPods-MusicSearch.a in Frameworks */ = {isa = PBXBuildFile; fileRef = E5CABEE7A5941DE1D870FB68 /* libPods-MusicSearch.a */; };
/* End PBXBuildFile section */

/* Begin PBXContainerItemProxy section */
		67D05B2D1E7B47E300153870 /* PBXContainerItemProxy */ = {
			isa = PBXContainerItemProxy;
			containerPortal = 67D05B0B1E7B47E300153870 /* Project object */;
			proxyType = 1;
			remoteGlobalIDString = 67D05B121E7B47E300153870;
			remoteInfo = MusicSearch;
		};
/* End PBXContainerItemProxy section */

/* Begin PBXFileReference section */
		1FA72D69549AC3F7EE034A28 /* libPods-MusicSearchTests.a */ = {isa = PBXFileReference; explicitFileType = archive.ar; includeInIndex = 0; path = "libPods-MusicSearchTests.a"; sourceTree = BUILT_PRODUCTS_DIR; };
		208964487E0CA1D46C9ABF88 /* Pods-MusicSearch.release.xcconfig */ = {isa = PBXFileReference; includeInIndex = 1; lastKnownFileType = text.xcconfig; name = "Pods-MusicSearch.release.xcconfig"; path = "Pods/Target Support Files/Pods-MusicSearch/Pods-MusicSearch.release.xcconfig"; sourceTree = "<group>"; };
		280D4FD724266DDC10DE495A /* Pods-MusicSearchTests.debug.xcconfig */ = {isa = PBXFileReference; includeInIndex = 1; lastKnownFileType = text.xcconfig; name = "Pods-MusicSearchTests.debug.xcconfig"; path = "Pods/Target Support Files/Pods-MusicSearchTests/Pods-MusicSearchTests.debug.xcconfig"; sourceTree = "<group>"; };
		679F5FBD1E7C60BE0048516D /* ITunesFetcher.h */ = {isa = PBXFileReference; fileEncoding = 4; lastKnownFileType = sourcecode.c.h; name = ITunesFetcher.h; path = API/ITunesFetcher.h; sourceTree = "<group>"; };
		679F5FBE1E7C60BE0048516D /* ITunesFetcher.m */ = {isa = PBXFileReference; fileEncoding = 4; lastKnownFileType = sourcecode.c.objc; name = ITunesFetcher.m; path = API/ITunesFetcher.m; sourceTree = "<group>"; };
		679F5FC01E7C659F0048516D /* TracksListModels.h */ = {isa = PBXFileReference; lastKnownFileType = sourcecode.c.h; name = TracksListModels.h; path = Scenes/TracksList/Models/TracksListModels.h; sourceTree = "<group>"; };
		679F5FC11E7C70AD0048516D /* MusicSearchPresenterTests.m */ = {isa = PBXFileReference; fileEncoding = 4; lastKnownFileType = sourcecode.c.objc; path = MusicSearchPresenterTests.m; sourceTree = "<group>"; };
		679F5FC41E7C780A0048516D /* TrackListMock.json */ = {isa = PBXFileReference; fileEncoding = 4; lastKnownFileType = text.json; path = TrackListMock.json; sourceTree = "<group>"; };
		679F5FC91E7C7FE70048516D /* TrackModel.h */ = {isa = PBXFileReference; fileEncoding = 4; lastKnownFileType = sourcecode.c.h; name = TrackModel.h; path = Models/TrackModel.h; sourceTree = "<group>"; };
		679F5FCA1E7C7FE70048516D /* TrackModel.m */ = {isa = PBXFileReference; fileEncoding = 4; lastKnownFileType = sourcecode.c.objc; name = TrackModel.m; path = Models/TrackModel.m; sourceTree = "<group>"; };
		679F5FCE1E7C844C0048516D /* NSDictionary+SafeValue.h */ = {isa = PBXFileReference; fileEncoding = 4; lastKnownFileType = sourcecode.c.h; name = "NSDictionary+SafeValue.h"; path = "Categories/NSDictionary+SafeValue.h"; sourceTree = "<group>"; };
		679F5FCF1E7C844C0048516D /* NSDictionary+SafeValue.m */ = {isa = PBXFileReference; fileEncoding = 4; lastKnownFileType = sourcecode.c.objc; name = "NSDictionary+SafeValue.m"; path = "Categories/NSDictionary+SafeValue.m"; sourceTree = "<group>"; };
		67D05B131E7B47E300153870 /* MusicSearch.app */ = {isa = PBXFileReference; explicitFileType = wrapper.application; includeInIndex = 0; path = MusicSearch.app; sourceTree = BUILT_PRODUCTS_DIR; };
		67D05B171E7B47E300153870 /* main.m */ = {isa = PBXFileReference; lastKnownFileType = sourcecode.c.objc; path = main.m; sourceTree = "<group>"; };
		67D05B191E7B47E300153870 /* AppDelegate.h */ = {isa = PBXFileReference; lastKnownFileType = sourcecode.c.h; path = AppDelegate.h; sourceTree = "<group>"; };
		67D05B1A1E7B47E300153870 /* AppDelegate.m */ = {isa = PBXFileReference; lastKnownFileType = sourcecode.c.objc; path = AppDelegate.m; sourceTree = "<group>"; };
		67D05B1C1E7B47E300153870 /* TracksListViewController.h */ = {isa = PBXFileReference; lastKnownFileType = sourcecode.c.h; name = TracksListViewController.h; path = Scenes/TracksList/ViewController/TracksListViewController.h; sourceTree = "<group>"; };
		67D05B1D1E7B47E300153870 /* TracksListViewController.m */ = {isa = PBXFileReference; lastKnownFileType = sourcecode.c.objc; name = TracksListViewController.m; path = Scenes/TracksList/ViewController/TracksListViewController.m; sourceTree = "<group>"; };
		67D05B201E7B47E300153870 /* Base */ = {isa = PBXFileReference; lastKnownFileType = file.storyboard; name = Base; path = Base.lproj/Main.storyboard; sourceTree = "<group>"; };
		67D05B221E7B47E300153870 /* Assets.xcassets */ = {isa = PBXFileReference; lastKnownFileType = folder.assetcatalog; path = Assets.xcassets; sourceTree = "<group>"; };
		67D05B251E7B47E300153870 /* Base */ = {isa = PBXFileReference; lastKnownFileType = file.storyboard; name = Base; path = Base.lproj/LaunchScreen.storyboard; sourceTree = "<group>"; };
		67D05B271E7B47E300153870 /* Info.plist */ = {isa = PBXFileReference; lastKnownFileType = text.plist.xml; path = Info.plist; sourceTree = "<group>"; };
		67D05B2C1E7B47E300153870 /* MusicSearchTests.xctest */ = {isa = PBXFileReference; explicitFileType = wrapper.cfbundle; includeInIndex = 0; path = MusicSearchTests.xctest; sourceTree = BUILT_PRODUCTS_DIR; };
		67D05B301E7B47E300153870 /* MusicSearchInteractorTests.m */ = {isa = PBXFileReference; lastKnownFileType = sourcecode.c.objc; path = MusicSearchInteractorTests.m; sourceTree = "<group>"; };
		67D05B321E7B47E300153870 /* Info.plist */ = {isa = PBXFileReference; lastKnownFileType = text.plist.xml; path = Info.plist; sourceTree = "<group>"; };
		67F218851E7B557800FB2AFF /* TracksListInteractor.h */ = {isa = PBXFileReference; fileEncoding = 4; lastKnownFileType = sourcecode.c.h; name = TracksListInteractor.h; path = Scenes/TracksList/Interactor/TracksListInteractor.h; sourceTree = "<group>"; };
		67F218861E7B557800FB2AFF /* TracksListInteractor.m */ = {isa = PBXFileReference; fileEncoding = 4; lastKnownFileType = sourcecode.c.objc; name = TracksListInteractor.m; path = Scenes/TracksList/Interactor/TracksListInteractor.m; sourceTree = "<group>"; };
		67F218881E7B564400FB2AFF /* TracksListPresenter.h */ = {isa = PBXFileReference; fileEncoding = 4; lastKnownFileType = sourcecode.c.h; name = TracksListPresenter.h; path = Scenes/TracksList/Presenter/TracksListPresenter.h; sourceTree = "<group>"; };
		67F218891E7B564400FB2AFF /* TracksListPresenter.m */ = {isa = PBXFileReference; fileEncoding = 4; lastKnownFileType = sourcecode.c.objc; name = TracksListPresenter.m; path = Scenes/TracksList/Presenter/TracksListPresenter.m; sourceTree = "<group>"; };
		67F2188B1E7B56E800FB2AFF /* TracksListConfigurator.h */ = {isa = PBXFileReference; fileEncoding = 4; lastKnownFileType = sourcecode.c.h; name = TracksListConfigurator.h; path = Scenes/TracksList/Configurator/TracksListConfigurator.h; sourceTree = "<group>"; };
		67F2188C1E7B56E800FB2AFF /* TracksListConfigurator.m */ = {isa = PBXFileReference; fileEncoding = 4; lastKnownFileType = sourcecode.c.objc; name = TracksListConfigurator.m; path = Scenes/TracksList/Configurator/TracksListConfigurator.m; sourceTree = "<group>"; };
		67F218911E7B570800FB2AFF /* TracksListRouter.h */ = {isa = PBXFileReference; fileEncoding = 4; lastKnownFileType = sourcecode.c.h; name = TracksListRouter.h; path = Scenes/TracksList/Router/TracksListRouter.h; sourceTree = "<group>"; };
		67F218921E7B570800FB2AFF /* TracksListRouter.m */ = {isa = PBXFileReference; fileEncoding = 4; lastKnownFileType = sourcecode.c.objc; name = TracksListRouter.m; path = Scenes/TracksList/Router/TracksListRouter.m; sourceTree = "<group>"; };
		67F218941E7B5C8C00FB2AFF /* TrackCell.h */ = {isa = PBXFileReference; fileEncoding = 4; lastKnownFileType = sourcecode.c.h; name = TrackCell.h; path = Scenes/TracksList/ViewController/Components/TrackCell.h; sourceTree = "<group>"; };
		67F218951E7B5C8C00FB2AFF /* TrackCell.m */ = {isa = PBXFileReference; fileEncoding = 4; lastKnownFileType = sourcecode.c.objc; name = TrackCell.m; path = Scenes/TracksList/ViewController/Components/TrackCell.m; sourceTree = "<group>"; };
		67F218981E7B5E7800FB2AFF /* TracksList_SearchRequest.h */ = {isa = PBXFileReference; fileEncoding = 4; lastKnownFileType = sourcecode.c.h; name = TracksList_SearchRequest.h; path = Scenes/TracksList/Models/TracksList_SearchRequest.h; sourceTree = "<group>"; };
		67F218991E7B5E7800FB2AFF /* TracksList_SearchRequest.m */ = {isa = PBXFileReference; fileEncoding = 4; lastKnownFileType = sourcecode.c.objc; name = TracksList_SearchRequest.m; path = Scenes/TracksList/Models/TracksList_SearchRequest.m; sourceTree = "<group>"; };
		67F2189B1E7B5E9400FB2AFF /* TracksList_SearchResponse.h */ = {isa = PBXFileReference; fileEncoding = 4; lastKnownFileType = sourcecode.c.h; name = TracksList_SearchResponse.h; path = Scenes/TracksList/Models/TracksList_SearchResponse.h; sourceTree = "<group>"; };
		67F2189C1E7B5E9400FB2AFF /* TracksList_SearchResponse.m */ = {isa = PBXFileReference; fileEncoding = 4; lastKnownFileType = sourcecode.c.objc; name = TracksList_SearchResponse.m; path = Scenes/TracksList/Models/TracksList_SearchResponse.m; sourceTree = "<group>"; };
		67F2189E1E7B5EB000FB2AFF /* TracksList_SearchViewModel.h */ = {isa = PBXFileReference; fileEncoding = 4; lastKnownFileType = sourcecode.c.h; name = TracksList_SearchViewModel.h; path = Scenes/TracksList/Models/TracksList_SearchViewModel.h; sourceTree = "<group>"; };
		67F2189F1E7B5EB000FB2AFF /* TracksList_SearchViewModel.m */ = {isa = PBXFileReference; fileEncoding = 4; lastKnownFileType = sourcecode.c.objc; name = TracksList_SearchViewModel.m; path = Scenes/TracksList/Models/TracksList_SearchViewModel.m; sourceTree = "<group>"; };
		67F8339F1E7D711E00ABB159 /* SnapshotTestCase.h */ = {isa = PBXFileReference; fileEncoding = 4; lastKnownFileType = sourcecode.c.h; path = SnapshotTestCase.h; sourceTree = "<group>"; };
		67F833A01E7D711E00ABB159 /* SnapshotTestCase.m */ = {isa = PBXFileReference; fileEncoding = 4; lastKnownFileType = sourcecode.c.objc; path = SnapshotTestCase.m; sourceTree = "<group>"; };
		67F833A21E7DA55E00ABB159 /* SnapshotTests.m */ = {isa = PBXFileReference; fileEncoding = 4; lastKnownFileType = sourcecode.c.objc; path = SnapshotTests.m; sourceTree = "<group>"; };
		67F833A61E7DE69100ABB159 /* FakeFetcher.h */ = {isa = PBXFileReference; fileEncoding = 4; lastKnownFileType = sourcecode.c.h; name = FakeFetcher.h; path = API/FakeFetcher.h; sourceTree = "<group>"; };
		67F833A71E7DE69100ABB159 /* FakeFetcher.m */ = {isa = PBXFileReference; fileEncoding = 4; lastKnownFileType = sourcecode.c.objc; name = FakeFetcher.m; path = API/FakeFetcher.m; sourceTree = "<group>"; };
		67F833A91E7DE6B400ABB159 /* MusicFetcherType.h */ = {isa = PBXFileReference; fileEncoding = 4; lastKnownFileType = sourcecode.c.h; name = MusicFetcherType.h; path = API/MusicFetcherType.h; sourceTree = "<group>"; };
		67F833AD1E7DF1C000ABB159 /* UIView+Constraints.h */ = {isa = PBXFileReference; fileEncoding = 4; lastKnownFileType = sourcecode.c.h; name = "UIView+Constraints.h"; path = "Categories/UIView+Constraints.h"; sourceTree = "<group>"; };
		67F833AE1E7DF1C000ABB159 /* UIView+Constraints.m */ = {isa = PBXFileReference; fileEncoding = 4; lastKnownFileType = sourcecode.c.objc; name = "UIView+Constraints.m"; path = "Categories/UIView+Constraints.m"; sourceTree = "<group>"; };
		67F833B31E7DFCF200ABB159 /* EmptyCell.h */ = {isa = PBXFileReference; fileEncoding = 4; lastKnownFileType = sourcecode.c.h; name = EmptyCell.h; path = Scenes/TracksList/ViewController/Components/EmptyCell.h; sourceTree = "<group>"; };
		67F833B41E7DFCF200ABB159 /* EmptyCell.m */ = {isa = PBXFileReference; fileEncoding = 4; lastKnownFileType = sourcecode.c.objc; name = EmptyCell.m; path = Scenes/TracksList/ViewController/Components/EmptyCell.m; sourceTree = "<group>"; };
		67F833B71E7E843100ABB159 /* Storage.h */ = {isa = PBXFileReference; fileEncoding = 4; lastKnownFileType = sourcecode.c.h; name = Storage.h; path = Persistence/Storage.h; sourceTree = "<group>"; };
		67F833B81E7E843100ABB159 /* Storage.m */ = {isa = PBXFileReference; fileEncoding = 4; lastKnownFileType = sourcecode.c.objc; name = Storage.m; path = Persistence/Storage.m; sourceTree = "<group>"; };
		67F833C11E7E885A00ABB159 /* TrackDetailViewController.h */ = {isa = PBXFileReference; fileEncoding = 4; lastKnownFileType = sourcecode.c.h; name = TrackDetailViewController.h; path = Scenes/TrackDetail/ViewController/TrackDetailViewController.h; sourceTree = "<group>"; };
		67F833C21E7E885A00ABB159 /* TrackDetailViewController.m */ = {isa = PBXFileReference; fileEncoding = 4; lastKnownFileType = sourcecode.c.objc; name = TrackDetailViewController.m; path = Scenes/TrackDetail/ViewController/TrackDetailViewController.m; sourceTree = "<group>"; };
		67F833C41E7E887700ABB159 /* TrackDetailInteractor.h */ = {isa = PBXFileReference; fileEncoding = 4; lastKnownFileType = sourcecode.c.h; name = TrackDetailInteractor.h; path = Scenes/TrackDetail/Interactor/TrackDetailInteractor.h; sourceTree = "<group>"; };
		67F833C51E7E887700ABB159 /* TrackDetailInteractor.m */ = {isa = PBXFileReference; fileEncoding = 4; lastKnownFileType = sourcecode.c.objc; name = TrackDetailInteractor.m; path = Scenes/TrackDetail/Interactor/TrackDetailInteractor.m; sourceTree = "<group>"; };
		67F833C71E7E888E00ABB159 /* TrackDetailPresenter.h */ = {isa = PBXFileReference; fileEncoding = 4; lastKnownFileType = sourcecode.c.h; name = TrackDetailPresenter.h; path = Scenes/TrackDetail/Presenter/TrackDetailPresenter.h; sourceTree = "<group>"; };
		67F833C81E7E888E00ABB159 /* TrackDetailPresenter.m */ = {isa = PBXFileReference; fileEncoding = 4; lastKnownFileType = sourcecode.c.objc; name = TrackDetailPresenter.m; path = Scenes/TrackDetail/Presenter/TrackDetailPresenter.m; sourceTree = "<group>"; };
		67F833CA1E7E88A100ABB159 /* TrackDetailConfigurator.h */ = {isa = PBXFileReference; fileEncoding = 4; lastKnownFileType = sourcecode.c.h; name = TrackDetailConfigurator.h; path = Scenes/TrackDetail/Configurator/TrackDetailConfigurator.h; sourceTree = "<group>"; };
		67F833CB1E7E88A100ABB159 /* TrackDetailConfigurator.m */ = {isa = PBXFileReference; fileEncoding = 4; lastKnownFileType = sourcecode.c.objc; name = TrackDetailConfigurator.m; path = Scenes/TrackDetail/Configurator/TrackDetailConfigurator.m; sourceTree = "<group>"; };
		67F833CD1E7E89C200ABB159 /* TrackDetail_ViewModel.h */ = {isa = PBXFileReference; fileEncoding = 4; lastKnownFileType = sourcecode.c.h; name = TrackDetail_ViewModel.h; path = Scenes/TrackDetail/Models/TrackDetail_ViewModel.h; sourceTree = "<group>"; };
		67F833CE1E7E89C200ABB159 /* TrackDetail_ViewModel.m */ = {isa = PBXFileReference; fileEncoding = 4; lastKnownFileType = sourcecode.c.objc; name = TrackDetail_ViewModel.m; path = Scenes/TrackDetail/Models/TrackDetail_ViewModel.m; sourceTree = "<group>"; };
		67F833D01E7E89E300ABB159 /* TrackDetail_Request.h */ = {isa = PBXFileReference; fileEncoding = 4; lastKnownFileType = sourcecode.c.h; name = TrackDetail_Request.h; path = Scenes/TrackDetail/Models/TrackDetail_Request.h; sourceTree = "<group>"; };
		67F833D11E7E89E300ABB159 /* TrackDetail_Request.m */ = {isa = PBXFileReference; fileEncoding = 4; lastKnownFileType = sourcecode.c.objc; name = TrackDetail_Request.m; path = Scenes/TrackDetail/Models/TrackDetail_Request.m; sourceTree = "<group>"; };
		67F833D31E7E8A0100ABB159 /* TrackDetail_Response.h */ = {isa = PBXFileReference; fileEncoding = 4; lastKnownFileType = sourcecode.c.h; name = TrackDetail_Response.h; path = Scenes/TrackDetail/Models/TrackDetail_Response.h; sourceTree = "<group>"; };
		67F833D41E7E8A0100ABB159 /* TrackDetail_Response.m */ = {isa = PBXFileReference; fileEncoding = 4; lastKnownFileType = sourcecode.c.objc; name = TrackDetail_Response.m; path = Scenes/TrackDetail/Models/TrackDetail_Response.m; sourceTree = "<group>"; };
		67F833D61E7E8A3A00ABB159 /* TrackDetailModels.h */ = {isa = PBXFileReference; lastKnownFileType = sourcecode.c.h; name = TrackDetailModels.h; path = Scenes/TrackDetail/Models/TrackDetailModels.h; sourceTree = "<group>"; };
		67F833D71E7EA2B200ABB159 /* TrackDetailViewController.xib */ = {isa = PBXFileReference; fileEncoding = 4; lastKnownFileType = file.xib; name = TrackDetailViewController.xib; path = Scenes/TrackDetail/ViewController/TrackDetailViewController.xib; sourceTree = "<group>"; };
		67F833DE1E7EAB2700ABB159 /* AVFoundation.framework */ = {isa = PBXFileReference; lastKnownFileType = wrapper.framework; name = AVFoundation.framework; path = System/Library/Frameworks/AVFoundation.framework; sourceTree = SDKROOT; };
		67F833E21E7F0BDA00ABB159 /* TrackCell.xib */ = {isa = PBXFileReference; fileEncoding = 4; lastKnownFileType = file.xib; name = TrackCell.xib; path = Scenes/TracksList/ViewController/Components/TrackCell.xib; sourceTree = "<group>"; };
		8D37C5E0D317B48B662F05DA /* Pods-MusicSearchTests.release.xcconfig */ = {isa = PBXFileReference; includeInIndex = 1; lastKnownFileType = text.xcconfig; name = "Pods-MusicSearchTests.release.xcconfig"; path = "Pods/Target Support Files/Pods-MusicSearchTests/Pods-MusicSearchTests.release.xcconfig"; sourceTree = "<group>"; };
		C18CE488D17D16584D06A029 /* Pods-MusicSearch.debug.xcconfig */ = {isa = PBXFileReference; includeInIndex = 1; lastKnownFileType = text.xcconfig; name = "Pods-MusicSearch.debug.xcconfig"; path = "Pods/Target Support Files/Pods-MusicSearch/Pods-MusicSearch.debug.xcconfig"; sourceTree = "<group>"; };
		E5CABEE7A5941DE1D870FB68 /* libPods-MusicSearch.a */ = {isa = PBXFileReference; explicitFileType = archive.ar; includeInIndex = 0; path = "libPods-MusicSearch.a"; sourceTree = BUILT_PRODUCTS_DIR; };
/* End PBXFileReference section */

/* Begin PBXFrameworksBuildPhase section */
		67D05B101E7B47E300153870 /* Frameworks */ = {
			isa = PBXFrameworksBuildPhase;
			buildActionMask = 2147483647;
			files = (
				67F833DF1E7EAB2700ABB159 /* AVFoundation.framework in Frameworks */,
				D4138578A2D422CF988CD00B /* libPods-MusicSearch.a in Frameworks */,
			);
			runOnlyForDeploymentPostprocessing = 0;
		};
		67D05B291E7B47E300153870 /* Frameworks */ = {
			isa = PBXFrameworksBuildPhase;
			buildActionMask = 2147483647;
			files = (
				55B1B03EA0A4F485CB5A8227 /* libPods-MusicSearchTests.a in Frameworks */,
			);
			runOnlyForDeploymentPostprocessing = 0;
		};
/* End PBXFrameworksBuildPhase section */

/* Begin PBXGroup section */
		6751A4D31E7B517D0095E270 /* TracksList */ = {
			isa = PBXGroup;
			children = (
				67F218971E7B5E3500FB2AFF /* Models */,
				67F218841E7B554A00FB2AFF /* Router */,
				67F218831E7B554500FB2AFF /* Configurator */,
				67F218811E7B553B00FB2AFF /* Presenter */,
				67F218801E7B553200FB2AFF /* Interactor */,
				67F2187F1E7B552600FB2AFF /* ViewController */,
			);
			name = TracksList;
			sourceTree = "<group>";
		};
		679F5FBB1E7C60540048516D /* API */ = {
			isa = PBXGroup;
			children = (
				679F5FBD1E7C60BE0048516D /* ITunesFetcher.h */,
				679F5FBE1E7C60BE0048516D /* ITunesFetcher.m */,
				67F833A61E7DE69100ABB159 /* FakeFetcher.h */,
				67F833A71E7DE69100ABB159 /* FakeFetcher.m */,
				67F833A91E7DE6B400ABB159 /* MusicFetcherType.h */,
			);
			name = API;
			sourceTree = "<group>";
		};
		679F5FC31E7C77E20048516D /* JSON */ = {
			isa = PBXGroup;
			children = (
				679F5FC41E7C780A0048516D /* TrackListMock.json */,
			);
			name = JSON;
			sourceTree = "<group>";
		};
		679F5FC81E7C7FBD0048516D /* Response */ = {
			isa = PBXGroup;
			children = (
				679F5FC91E7C7FE70048516D /* TrackModel.h */,
				679F5FCA1E7C7FE70048516D /* TrackModel.m */,
			);
			name = Response;
			sourceTree = "<group>";
		};
		679F5FCC1E7C7FF00048516D /* Models */ = {
			isa = PBXGroup;
			children = (
				679F5FC81E7C7FBD0048516D /* Response */,
			);
			name = Models;
			sourceTree = "<group>";
		};
		679F5FCD1E7C83F00048516D /* Categories */ = {
			isa = PBXGroup;
			children = (
				679F5FCE1E7C844C0048516D /* NSDictionary+SafeValue.h */,
				679F5FCF1E7C844C0048516D /* NSDictionary+SafeValue.m */,
				67F833AD1E7DF1C000ABB159 /* UIView+Constraints.h */,
				67F833AE1E7DF1C000ABB159 /* UIView+Constraints.m */,
			);
			name = Categories;
			sourceTree = "<group>";
		};
		67D05B0A1E7B47E300153870 = {
			isa = PBXGroup;
			children = (
				67D05B151E7B47E300153870 /* MusicSearch */,
				67D05B2F1E7B47E300153870 /* MusicSearchTests */,
				67D05B141E7B47E300153870 /* Products */,
				ED282F1A3647D58E4EB99750 /* Pods */,
				AF45A55A9BC99199E86C4FA3 /* Frameworks */,
			);
			sourceTree = "<group>";
		};
		67D05B141E7B47E300153870 /* Products */ = {
			isa = PBXGroup;
			children = (
				67D05B131E7B47E300153870 /* MusicSearch.app */,
				67D05B2C1E7B47E300153870 /* MusicSearchTests.xctest */,
			);
			name = Products;
			sourceTree = "<group>";
		};
		67D05B151E7B47E300153870 /* MusicSearch */ = {
			isa = PBXGroup;
			children = (
				67F833B61E7E840F00ABB159 /* Persistence */,
				679F5FCD1E7C83F00048516D /* Categories */,
				679F5FCC1E7C7FF00048516D /* Models */,
				679F5FBB1E7C60540048516D /* API */,
				67D05B3B1E7B4D5B00153870 /* Scenes */,
				67D05B191E7B47E300153870 /* AppDelegate.h */,
				67D05B1A1E7B47E300153870 /* AppDelegate.m */,
				67D05B1F1E7B47E300153870 /* Main.storyboard */,
				67D05B221E7B47E300153870 /* Assets.xcassets */,
				67D05B241E7B47E300153870 /* LaunchScreen.storyboard */,
				67D05B271E7B47E300153870 /* Info.plist */,
				67D05B161E7B47E300153870 /* Supporting Files */,
			);
			path = MusicSearch;
			sourceTree = "<group>";
		};
		67D05B161E7B47E300153870 /* Supporting Files */ = {
			isa = PBXGroup;
			children = (
				67D05B171E7B47E300153870 /* main.m */,
			);
			name = "Supporting Files";
			sourceTree = "<group>";
		};
		67D05B2F1E7B47E300153870 /* MusicSearchTests */ = {
			isa = PBXGroup;
			children = (
				679F5FC31E7C77E20048516D /* JSON */,
				679F5FC11E7C70AD0048516D /* MusicSearchPresenterTests.m */,
				67D05B301E7B47E300153870 /* MusicSearchInteractorTests.m */,
				67F833A21E7DA55E00ABB159 /* SnapshotTests.m */,
				67D05B321E7B47E300153870 /* Info.plist */,
				67F8339F1E7D711E00ABB159 /* SnapshotTestCase.h */,
				67F833A01E7D711E00ABB159 /* SnapshotTestCase.m */,
			);
			path = MusicSearchTests;
			sourceTree = "<group>";
		};
		67D05B3B1E7B4D5B00153870 /* Scenes */ = {
			isa = PBXGroup;
			children = (
				67F833BB1E7E87BC00ABB159 /* TrackDetail */,
				6751A4D31E7B517D0095E270 /* TracksList */,
			);
			name = Scenes;
			sourceTree = "<group>";
		};
		67F2187F1E7B552600FB2AFF /* ViewController */ = {
			isa = PBXGroup;
			children = (
				67F218821E7B554000FB2AFF /* Components */,
				67D05B1C1E7B47E300153870 /* TracksListViewController.h */,
				67D05B1D1E7B47E300153870 /* TracksListViewController.m */,
			);
			name = ViewController;
			sourceTree = "<group>";
		};
		67F218801E7B553200FB2AFF /* Interactor */ = {
			isa = PBXGroup;
			children = (
				67F218851E7B557800FB2AFF /* TracksListInteractor.h */,
				67F218861E7B557800FB2AFF /* TracksListInteractor.m */,
			);
			name = Interactor;
			sourceTree = "<group>";
		};
		67F218811E7B553B00FB2AFF /* Presenter */ = {
			isa = PBXGroup;
			children = (
				67F218881E7B564400FB2AFF /* TracksListPresenter.h */,
				67F218891E7B564400FB2AFF /* TracksListPresenter.m */,
			);
			name = Presenter;
			sourceTree = "<group>";
		};
		67F218821E7B554000FB2AFF /* Components */ = {
			isa = PBXGroup;
			children = (
				67F218941E7B5C8C00FB2AFF /* TrackCell.h */,
				67F218951E7B5C8C00FB2AFF /* TrackCell.m */,
				67F833E21E7F0BDA00ABB159 /* TrackCell.xib */,
				67F833B31E7DFCF200ABB159 /* EmptyCell.h */,
				67F833B41E7DFCF200ABB159 /* EmptyCell.m */,
			);
			name = Components;
			sourceTree = "<group>";
		};
		67F218831E7B554500FB2AFF /* Configurator */ = {
			isa = PBXGroup;
			children = (
				67F2188B1E7B56E800FB2AFF /* TracksListConfigurator.h */,
				67F2188C1E7B56E800FB2AFF /* TracksListConfigurator.m */,
			);
			name = Configurator;
			sourceTree = "<group>";
		};
		67F218841E7B554A00FB2AFF /* Router */ = {
			isa = PBXGroup;
			children = (
				67F218911E7B570800FB2AFF /* TracksListRouter.h */,
				67F218921E7B570800FB2AFF /* TracksListRouter.m */,
			);
			name = Router;
			sourceTree = "<group>";
		};
		67F218971E7B5E3500FB2AFF /* Models */ = {
			isa = PBXGroup;
			children = (
				67F218981E7B5E7800FB2AFF /* TracksList_SearchRequest.h */,
				67F218991E7B5E7800FB2AFF /* TracksList_SearchRequest.m */,
				67F2189B1E7B5E9400FB2AFF /* TracksList_SearchResponse.h */,
				67F2189C1E7B5E9400FB2AFF /* TracksList_SearchResponse.m */,
				67F2189E1E7B5EB000FB2AFF /* TracksList_SearchViewModel.h */,
				67F2189F1E7B5EB000FB2AFF /* TracksList_SearchViewModel.m */,
				679F5FC01E7C659F0048516D /* TracksListModels.h */,
			);
			name = Models;
			sourceTree = "<group>";
		};
		67F833B61E7E840F00ABB159 /* Persistence */ = {
			isa = PBXGroup;
			children = (
				67F833B71E7E843100ABB159 /* Storage.h */,
				67F833B81E7E843100ABB159 /* Storage.m */,
			);
			name = Persistence;
			sourceTree = "<group>";
		};
		67F833BB1E7E87BC00ABB159 /* TrackDetail */ = {
			isa = PBXGroup;
			children = (
				67F833C01E7E880200ABB159 /* Configurator */,
				67F833BF1E7E87FD00ABB159 /* Presenter */,
				67F833BE1E7E87F500ABB159 /* Interactor */,
				67F833BC1E7E87D300ABB159 /* Models */,
				67F833BD1E7E87D800ABB159 /* ViewController */,
			);
			name = TrackDetail;
			sourceTree = "<group>";
		};
		67F833BC1E7E87D300ABB159 /* Models */ = {
			isa = PBXGroup;
			children = (
				67F833CD1E7E89C200ABB159 /* TrackDetail_ViewModel.h */,
				67F833CE1E7E89C200ABB159 /* TrackDetail_ViewModel.m */,
				67F833D01E7E89E300ABB159 /* TrackDetail_Request.h */,
				67F833D11E7E89E300ABB159 /* TrackDetail_Request.m */,
				67F833D31E7E8A0100ABB159 /* TrackDetail_Response.h */,
				67F833D41E7E8A0100ABB159 /* TrackDetail_Response.m */,
				67F833D61E7E8A3A00ABB159 /* TrackDetailModels.h */,
			);
			name = Models;
			sourceTree = "<group>";
		};
		67F833BD1E7E87D800ABB159 /* ViewController */ = {
			isa = PBXGroup;
			children = (
				67F833C11E7E885A00ABB159 /* TrackDetailViewController.h */,
				67F833C21E7E885A00ABB159 /* TrackDetailViewController.m */,
				67F833D71E7EA2B200ABB159 /* TrackDetailViewController.xib */,
			);
			name = ViewController;
			sourceTree = "<group>";
		};
		67F833BE1E7E87F500ABB159 /* Interactor */ = {
			isa = PBXGroup;
			children = (
				67F833C41E7E887700ABB159 /* TrackDetailInteractor.h */,
				67F833C51E7E887700ABB159 /* TrackDetailInteractor.m */,
			);
			name = Interactor;
			sourceTree = "<group>";
		};
		67F833BF1E7E87FD00ABB159 /* Presenter */ = {
			isa = PBXGroup;
			children = (
				67F833C71E7E888E00ABB159 /* TrackDetailPresenter.h */,
				67F833C81E7E888E00ABB159 /* TrackDetailPresenter.m */,
			);
			name = Presenter;
			sourceTree = "<group>";
		};
		67F833C01E7E880200ABB159 /* Configurator */ = {
			isa = PBXGroup;
			children = (
				67F833CA1E7E88A100ABB159 /* TrackDetailConfigurator.h */,
				67F833CB1E7E88A100ABB159 /* TrackDetailConfigurator.m */,
			);
			name = Configurator;
			sourceTree = "<group>";
		};
		AF45A55A9BC99199E86C4FA3 /* Frameworks */ = {
			isa = PBXGroup;
			children = (
				67F833DE1E7EAB2700ABB159 /* AVFoundation.framework */,
				E5CABEE7A5941DE1D870FB68 /* libPods-MusicSearch.a */,
				1FA72D69549AC3F7EE034A28 /* libPods-MusicSearchTests.a */,
			);
			name = Frameworks;
			sourceTree = "<group>";
		};
		ED282F1A3647D58E4EB99750 /* Pods */ = {
			isa = PBXGroup;
			children = (
				C18CE488D17D16584D06A029 /* Pods-MusicSearch.debug.xcconfig */,
				208964487E0CA1D46C9ABF88 /* Pods-MusicSearch.release.xcconfig */,
				280D4FD724266DDC10DE495A /* Pods-MusicSearchTests.debug.xcconfig */,
				8D37C5E0D317B48B662F05DA /* Pods-MusicSearchTests.release.xcconfig */,
			);
			name = Pods;
			sourceTree = "<group>";
		};
/* End PBXGroup section */

/* Begin PBXNativeTarget section */
		67D05B121E7B47E300153870 /* MusicSearch */ = {
			isa = PBXNativeTarget;
			buildConfigurationList = 67D05B351E7B47E300153870 /* Build configuration list for PBXNativeTarget "MusicSearch" */;
			buildPhases = (
				9F8E06A8970FAEC67A3209DE /* [CP] Check Pods Manifest.lock */,
				67D05B0F1E7B47E300153870 /* Sources */,
				67D05B101E7B47E300153870 /* Frameworks */,
				67D05B111E7B47E300153870 /* Resources */,
				AD752D6263DB67EA0A91D1E0 /* [CP] Embed Pods Frameworks */,
				D31EC27B8E1CCE7B986A06E8 /* [CP] Copy Pods Resources */,
			);
			buildRules = (
			);
			dependencies = (
			);
			name = MusicSearch;
			productName = MusicSearch;
			productReference = 67D05B131E7B47E300153870 /* MusicSearch.app */;
			productType = "com.apple.product-type.application";
		};
		67D05B2B1E7B47E300153870 /* MusicSearchTests */ = {
			isa = PBXNativeTarget;
			buildConfigurationList = 67D05B381E7B47E300153870 /* Build configuration list for PBXNativeTarget "MusicSearchTests" */;
			buildPhases = (
				55946374A3A04100CAAF117C /* [CP] Check Pods Manifest.lock */,
				67D05B281E7B47E300153870 /* Sources */,
				67D05B291E7B47E300153870 /* Frameworks */,
				67D05B2A1E7B47E300153870 /* Resources */,
				F4700838DE5310A1AC11398C /* [CP] Embed Pods Frameworks */,
				BE9062CAA9C65C9B61E6FCAB /* [CP] Copy Pods Resources */,
			);
			buildRules = (
			);
			dependencies = (
				67D05B2E1E7B47E300153870 /* PBXTargetDependency */,
			);
			name = MusicSearchTests;
			productName = MusicSearchTests;
			productReference = 67D05B2C1E7B47E300153870 /* MusicSearchTests.xctest */;
			productType = "com.apple.product-type.bundle.unit-test";
		};
/* End PBXNativeTarget section */

/* Begin PBXProject section */
		67D05B0B1E7B47E300153870 /* Project object */ = {
			isa = PBXProject;
			attributes = {
				LastUpgradeCheck = 0820;
				ORGANIZATIONNAME = kudai;
				TargetAttributes = {
					67D05B121E7B47E300153870 = {
						CreatedOnToolsVersion = 8.2.1;
						DevelopmentTeam = RW64Q5PN9H;
						ProvisioningStyle = Automatic;
					};
					67D05B2B1E7B47E300153870 = {
						CreatedOnToolsVersion = 8.2.1;
						DevelopmentTeam = RW64Q5PN9H;
						ProvisioningStyle = Automatic;
						TestTargetID = 67D05B121E7B47E300153870;
					};
				};
			};
			buildConfigurationList = 67D05B0E1E7B47E300153870 /* Build configuration list for PBXProject "MusicSearch" */;
			compatibilityVersion = "Xcode 3.2";
			developmentRegion = English;
			hasScannedForEncodings = 0;
			knownRegions = (
				en,
				Base,
			);
			mainGroup = 67D05B0A1E7B47E300153870;
			productRefGroup = 67D05B141E7B47E300153870 /* Products */;
			projectDirPath = "";
			projectRoot = "";
			targets = (
				67D05B121E7B47E300153870 /* MusicSearch */,
				67D05B2B1E7B47E300153870 /* MusicSearchTests */,
			);
		};
/* End PBXProject section */

/* Begin PBXResourcesBuildPhase section */
		67D05B111E7B47E300153870 /* Resources */ = {
			isa = PBXResourcesBuildPhase;
			buildActionMask = 2147483647;
			files = (
				67F833E41E7F0BDA00ABB159 /* TrackCell.xib in Resources */,
				67D05B261E7B47E300153870 /* LaunchScreen.storyboard in Resources */,
				679F5FC71E7C7BA00048516D /* TrackListMock.json in Resources */,
				67F833D81E7EA2B200ABB159 /* TrackDetailViewController.xib in Resources */,
				67D05B231E7B47E300153870 /* Assets.xcassets in Resources */,
				67D05B211E7B47E300153870 /* Main.storyboard in Resources */,
			);
			runOnlyForDeploymentPostprocessing = 0;
		};
		67D05B2A1E7B47E300153870 /* Resources */ = {
			isa = PBXResourcesBuildPhase;
			buildActionMask = 2147483647;
			files = (
				679F5FC51E7C780A0048516D /* TrackListMock.json in Resources */,
			);
			runOnlyForDeploymentPostprocessing = 0;
		};
/* End PBXResourcesBuildPhase section */

/* Begin PBXShellScriptBuildPhase section */
		55946374A3A04100CAAF117C /* [CP] Check Pods Manifest.lock */ = {
			isa = PBXShellScriptBuildPhase;
			buildActionMask = 2147483647;
			files = (
			);
			inputPaths = (
			);
			name = "[CP] Check Pods Manifest.lock";
			outputPaths = (
			);
			runOnlyForDeploymentPostprocessing = 0;
			shellPath = /bin/sh;
			shellScript = "diff \"${PODS_ROOT}/../Podfile.lock\" \"${PODS_ROOT}/Manifest.lock\" > /dev/null\nif [ $? != 0 ] ; then\n    # print error to STDERR\n    echo \"error: The sandbox is not in sync with the Podfile.lock. Run 'pod install' or update your CocoaPods installation.\" >&2\n    exit 1\nfi\n";
			showEnvVarsInLog = 0;
		};
		9F8E06A8970FAEC67A3209DE /* [CP] Check Pods Manifest.lock */ = {
			isa = PBXShellScriptBuildPhase;
			buildActionMask = 2147483647;
			files = (
			);
			inputPaths = (
			);
			name = "[CP] Check Pods Manifest.lock";
			outputPaths = (
			);
			runOnlyForDeploymentPostprocessing = 0;
			shellPath = /bin/sh;
			shellScript = "diff \"${PODS_ROOT}/../Podfile.lock\" \"${PODS_ROOT}/Manifest.lock\" > /dev/null\nif [ $? != 0 ] ; then\n    # print error to STDERR\n    echo \"error: The sandbox is not in sync with the Podfile.lock. Run 'pod install' or update your CocoaPods installation.\" >&2\n    exit 1\nfi\n";
			showEnvVarsInLog = 0;
		};
		AD752D6263DB67EA0A91D1E0 /* [CP] Embed Pods Frameworks */ = {
			isa = PBXShellScriptBuildPhase;
			buildActionMask = 2147483647;
			files = (
			);
			inputPaths = (
			);
			name = "[CP] Embed Pods Frameworks";
			outputPaths = (
			);
			runOnlyForDeploymentPostprocessing = 0;
			shellPath = /bin/sh;
			shellScript = "\"${SRCROOT}/Pods/Target Support Files/Pods-MusicSearch/Pods-MusicSearch-frameworks.sh\"\n";
			showEnvVarsInLog = 0;
		};
		BE9062CAA9C65C9B61E6FCAB /* [CP] Copy Pods Resources */ = {
			isa = PBXShellScriptBuildPhase;
			buildActionMask = 2147483647;
			files = (
			);
			inputPaths = (
			);
			name = "[CP] Copy Pods Resources";
			outputPaths = (
			);
			runOnlyForDeploymentPostprocessing = 0;
			shellPath = /bin/sh;
			shellScript = "\"${SRCROOT}/Pods/Target Support Files/Pods-MusicSearchTests/Pods-MusicSearchTests-resources.sh\"\n";
			showEnvVarsInLog = 0;
		};
		D31EC27B8E1CCE7B986A06E8 /* [CP] Copy Pods Resources */ = {
			isa = PBXShellScriptBuildPhase;
			buildActionMask = 2147483647;
			files = (
			);
			inputPaths = (
			);
			name = "[CP] Copy Pods Resources";
			outputPaths = (
			);
			runOnlyForDeploymentPostprocessing = 0;
			shellPath = /bin/sh;
			shellScript = "\"${SRCROOT}/Pods/Target Support Files/Pods-MusicSearch/Pods-MusicSearch-resources.sh\"\n";
			showEnvVarsInLog = 0;
		};
		F4700838DE5310A1AC11398C /* [CP] Embed Pods Frameworks */ = {
			isa = PBXShellScriptBuildPhase;
			buildActionMask = 2147483647;
			files = (
			);
			inputPaths = (
			);
			name = "[CP] Embed Pods Frameworks";
			outputPaths = (
			);
			runOnlyForDeploymentPostprocessing = 0;
			shellPath = /bin/sh;
			shellScript = "\"${SRCROOT}/Pods/Target Support Files/Pods-MusicSearchTests/Pods-MusicSearchTests-frameworks.sh\"\n";
			showEnvVarsInLog = 0;
		};
/* End PBXShellScriptBuildPhase section */

/* Begin PBXSourcesBuildPhase section */
		67D05B0F1E7B47E300153870 /* Sources */ = {
			isa = PBXSourcesBuildPhase;
			buildActionMask = 2147483647;
			files = (
				67F833D21E7E89E300ABB159 /* TrackDetail_Request.m in Sources */,
				67F833C91E7E888E00ABB159 /* TrackDetailPresenter.m in Sources */,
				67F218871E7B557800FB2AFF /* TracksListInteractor.m in Sources */,
				679F5FBF1E7C60BE0048516D /* ITunesFetcher.m in Sources */,
				67F833D51E7E8A0100ABB159 /* TrackDetail_Response.m in Sources */,
				67F833CF1E7E89C200ABB159 /* TrackDetail_ViewModel.m in Sources */,
				67F2188A1E7B564400FB2AFF /* TracksListPresenter.m in Sources */,
				67F833A81E7DE69100ABB159 /* FakeFetcher.m in Sources */,
				67F2189A1E7B5E7800FB2AFF /* TracksList_SearchRequest.m in Sources */,
				67F833C61E7E887700ABB159 /* TrackDetailInteractor.m in Sources */,
				67F833CC1E7E88A100ABB159 /* TrackDetailConfigurator.m in Sources */,
				67F2188D1E7B56E800FB2AFF /* TracksListConfigurator.m in Sources */,
				67F218A01E7B5EB000FB2AFF /* TracksList_SearchViewModel.m in Sources */,
				67F218961E7B5C8C00FB2AFF /* TrackCell.m in Sources */,
				679F5FCB1E7C7FE70048516D /* TrackModel.m in Sources */,
				67D05B1E1E7B47E300153870 /* TracksListViewController.m in Sources */,
				67F2189D1E7B5E9400FB2AFF /* TracksList_SearchResponse.m in Sources */,
				67F833AF1E7DF1C000ABB159 /* UIView+Constraints.m in Sources */,
				67D05B1B1E7B47E300153870 /* AppDelegate.m in Sources */,
				679F5FD01E7C844C0048516D /* NSDictionary+SafeValue.m in Sources */,
				67F218931E7B570800FB2AFF /* TracksListRouter.m in Sources */,
				67F833C31E7E885A00ABB159 /* TrackDetailViewController.m in Sources */,
				67F833B51E7DFCF200ABB159 /* EmptyCell.m in Sources */,
				67D05B181E7B47E300153870 /* main.m in Sources */,
				67F833B91E7E843100ABB159 /* Storage.m in Sources */,
			);
			runOnlyForDeploymentPostprocessing = 0;
		};
		67D05B281E7B47E300153870 /* Sources */ = {
			isa = PBXSourcesBuildPhase;
			buildActionMask = 2147483647;
			files = (
				679F5FC21E7C70AD0048516D /* MusicSearchPresenterTests.m in Sources */,
				67F833A31E7DA55E00ABB159 /* SnapshotTests.m in Sources */,
				67D05B311E7B47E300153870 /* MusicSearchInteractorTests.m in Sources */,
				67F833A11E7D711E00ABB159 /* SnapshotTestCase.m in Sources */,
			);
			runOnlyForDeploymentPostprocessing = 0;
		};
/* End PBXSourcesBuildPhase section */

/* Begin PBXTargetDependency section */
		67D05B2E1E7B47E300153870 /* PBXTargetDependency */ = {
			isa = PBXTargetDependency;
			target = 67D05B121E7B47E300153870 /* MusicSearch */;
			targetProxy = 67D05B2D1E7B47E300153870 /* PBXContainerItemProxy */;
		};
/* End PBXTargetDependency section */

/* Begin PBXVariantGroup section */
		67D05B1F1E7B47E300153870 /* Main.storyboard */ = {
			isa = PBXVariantGroup;
			children = (
				67D05B201E7B47E300153870 /* Base */,
			);
			name = Main.storyboard;
			sourceTree = "<group>";
		};
		67D05B241E7B47E300153870 /* LaunchScreen.storyboard */ = {
			isa = PBXVariantGroup;
			children = (
				67D05B251E7B47E300153870 /* Base */,
			);
			name = LaunchScreen.storyboard;
			sourceTree = "<group>";
		};
/* End PBXVariantGroup section */

/* Begin XCBuildConfiguration section */
		67D05B331E7B47E300153870 /* Debug */ = {
			isa = XCBuildConfiguration;
			buildSettings = {
				ALWAYS_SEARCH_USER_PATHS = NO;
				CLANG_ANALYZER_NONNULL = YES;
				CLANG_CXX_LANGUAGE_STANDARD = "gnu++0x";
				CLANG_CXX_LIBRARY = "libc++";
				CLANG_ENABLE_MODULES = YES;
				CLANG_ENABLE_OBJC_ARC = YES;
				CLANG_WARN_BOOL_CONVERSION = YES;
				CLANG_WARN_CONSTANT_CONVERSION = YES;
				CLANG_WARN_DIRECT_OBJC_ISA_USAGE = YES_ERROR;
				CLANG_WARN_DOCUMENTATION_COMMENTS = YES;
				CLANG_WARN_EMPTY_BODY = YES;
				CLANG_WARN_ENUM_CONVERSION = YES;
				CLANG_WARN_INFINITE_RECURSION = YES;
				CLANG_WARN_INT_CONVERSION = YES;
				CLANG_WARN_OBJC_ROOT_CLASS = YES_ERROR;
				CLANG_WARN_SUSPICIOUS_MOVE = YES;
				CLANG_WARN_UNREACHABLE_CODE = YES;
				CLANG_WARN__DUPLICATE_METHOD_MATCH = YES;
				"CODE_SIGN_IDENTITY[sdk=iphoneos*]" = "iPhone Developer";
				COPY_PHASE_STRIP = NO;
				DEBUG_INFORMATION_FORMAT = dwarf;
				ENABLE_STRICT_OBJC_MSGSEND = YES;
				ENABLE_TESTABILITY = YES;
				GCC_C_LANGUAGE_STANDARD = gnu99;
				GCC_DYNAMIC_NO_PIC = NO;
				GCC_NO_COMMON_BLOCKS = YES;
				GCC_OPTIMIZATION_LEVEL = 0;
				GCC_PREPROCESSOR_DEFINITIONS = (
					"DEBUG=1",
					"$(inherited)",
				);
				GCC_WARN_64_TO_32_BIT_CONVERSION = YES;
				GCC_WARN_ABOUT_RETURN_TYPE = YES_ERROR;
				GCC_WARN_UNDECLARED_SELECTOR = YES;
				GCC_WARN_UNINITIALIZED_AUTOS = YES_AGGRESSIVE;
				GCC_WARN_UNUSED_FUNCTION = YES;
				GCC_WARN_UNUSED_VARIABLE = YES;
				IPHONEOS_DEPLOYMENT_TARGET = 8.4;
				MTL_ENABLE_DEBUG_INFO = YES;
				ONLY_ACTIVE_ARCH = YES;
				SDKROOT = iphoneos;
			};
			name = Debug;
		};
		67D05B341E7B47E300153870 /* Release */ = {
			isa = XCBuildConfiguration;
			buildSettings = {
				ALWAYS_SEARCH_USER_PATHS = NO;
				CLANG_ANALYZER_NONNULL = YES;
				CLANG_CXX_LANGUAGE_STANDARD = "gnu++0x";
				CLANG_CXX_LIBRARY = "libc++";
				CLANG_ENABLE_MODULES = YES;
				CLANG_ENABLE_OBJC_ARC = YES;
				CLANG_WARN_BOOL_CONVERSION = YES;
				CLANG_WARN_CONSTANT_CONVERSION = YES;
				CLANG_WARN_DIRECT_OBJC_ISA_USAGE = YES_ERROR;
				CLANG_WARN_DOCUMENTATION_COMMENTS = YES;
				CLANG_WARN_EMPTY_BODY = YES;
				CLANG_WARN_ENUM_CONVERSION = YES;
				CLANG_WARN_INFINITE_RECURSION = YES;
				CLANG_WARN_INT_CONVERSION = YES;
				CLANG_WARN_OBJC_ROOT_CLASS = YES_ERROR;
				CLANG_WARN_SUSPICIOUS_MOVE = YES;
				CLANG_WARN_UNREACHABLE_CODE = YES;
				CLANG_WARN__DUPLICATE_METHOD_MATCH = YES;
				"CODE_SIGN_IDENTITY[sdk=iphoneos*]" = "iPhone Developer";
				COPY_PHASE_STRIP = NO;
				DEBUG_INFORMATION_FORMAT = "dwarf-with-dsym";
				ENABLE_NS_ASSERTIONS = NO;
				ENABLE_STRICT_OBJC_MSGSEND = YES;
				GCC_C_LANGUAGE_STANDARD = gnu99;
				GCC_NO_COMMON_BLOCKS = YES;
				GCC_WARN_64_TO_32_BIT_CONVERSION = YES;
				GCC_WARN_ABOUT_RETURN_TYPE = YES_ERROR;
				GCC_WARN_UNDECLARED_SELECTOR = YES;
				GCC_WARN_UNINITIALIZED_AUTOS = YES_AGGRESSIVE;
				GCC_WARN_UNUSED_FUNCTION = YES;
				GCC_WARN_UNUSED_VARIABLE = YES;
				IPHONEOS_DEPLOYMENT_TARGET = 8.4;
				MTL_ENABLE_DEBUG_INFO = NO;
				SDKROOT = iphoneos;
				VALIDATE_PRODUCT = YES;
			};
			name = Release;
		};
		67D05B361E7B47E300153870 /* Debug */ = {
			isa = XCBuildConfiguration;
			baseConfigurationReference = C18CE488D17D16584D06A029 /* Pods-MusicSearch.debug.xcconfig */;
			buildSettings = {
				ASSETCATALOG_COMPILER_APPICON_NAME = AppIcon;
				DEVELOPMENT_TEAM = RW64Q5PN9H;
				INFOPLIST_FILE = MusicSearch/Info.plist;
				IPHONEOS_DEPLOYMENT_TARGET = 8.4;
				LD_RUNPATH_SEARCH_PATHS = "$(inherited) @executable_path/Frameworks";
				PRODUCT_BUNDLE_IDENTIFIER = ku.dai.MusicSearch;
				PRODUCT_NAME = "$(TARGET_NAME)";
			};
			name = Debug;
		};
		67D05B371E7B47E300153870 /* Release */ = {
			isa = XCBuildConfiguration;
			baseConfigurationReference = 208964487E0CA1D46C9ABF88 /* Pods-MusicSearch.release.xcconfig */;
			buildSettings = {
				ASSETCATALOG_COMPILER_APPICON_NAME = AppIcon;
				DEVELOPMENT_TEAM = RW64Q5PN9H;
				INFOPLIST_FILE = MusicSearch/Info.plist;
				IPHONEOS_DEPLOYMENT_TARGET = 8.4;
				LD_RUNPATH_SEARCH_PATHS = "$(inherited) @executable_path/Frameworks";
				PRODUCT_BUNDLE_IDENTIFIER = ku.dai.MusicSearch;
				PRODUCT_NAME = "$(TARGET_NAME)";
			};
			name = Release;
		};
		67D05B391E7B47E300153870 /* Debug */ = {
			isa = XCBuildConfiguration;
			baseConfigurationReference = 280D4FD724266DDC10DE495A /* Pods-MusicSearchTests.debug.xcconfig */;
			buildSettings = {
				ALWAYS_EMBED_SWIFT_STANDARD_LIBRARIES = YES;
				BUNDLE_LOADER = "$(TEST_HOST)";
				DEVELOPMENT_TEAM = RW64Q5PN9H;
				INFOPLIST_FILE = MusicSearchTests/Info.plist;
				LD_RUNPATH_SEARCH_PATHS = "$(inherited) @executable_path/Frameworks @loader_path/Frameworks";
				PRODUCT_BUNDLE_IDENTIFIER = ku.dai.MusicSearchTests;
				PRODUCT_NAME = "$(TARGET_NAME)";
				TEST_HOST = "$(BUILT_PRODUCTS_DIR)/MusicSearch.app/MusicSearch";
			};
			name = Debug;
		};
		67D05B3A1E7B47E300153870 /* Release */ = {
			isa = XCBuildConfiguration;
			baseConfigurationReference = 8D37C5E0D317B48B662F05DA /* Pods-MusicSearchTests.release.xcconfig */;
			buildSettings = {
				ALWAYS_EMBED_SWIFT_STANDARD_LIBRARIES = YES;
				BUNDLE_LOADER = "$(TEST_HOST)";
				DEVELOPMENT_TEAM = RW64Q5PN9H;
				INFOPLIST_FILE = MusicSearchTests/Info.plist;
				LD_RUNPATH_SEARCH_PATHS = "$(inherited) @executable_path/Frameworks @loader_path/Frameworks";
				PRODUCT_BUNDLE_IDENTIFIER = ku.dai.MusicSearchTests;
				PRODUCT_NAME = "$(TARGET_NAME)";
				TEST_HOST = "$(BUILT_PRODUCTS_DIR)/MusicSearch.app/MusicSearch";
			};
			name = Release;
		};
/* End XCBuildConfiguration section */

/* Begin XCConfigurationList section */
		67D05B0E1E7B47E300153870 /* Build configuration list for PBXProject "MusicSearch" */ = {
			isa = XCConfigurationList;
			buildConfigurations = (
				67D05B331E7B47E300153870 /* Debug */,
				67D05B341E7B47E300153870 /* Release */,
			);
			defaultConfigurationIsVisible = 0;
			defaultConfigurationName = Release;
		};
		67D05B351E7B47E300153870 /* Build configuration list for PBXNativeTarget "MusicSearch" */ = {
			isa = XCConfigurationList;
			buildConfigurations = (
				67D05B361E7B47E300153870 /* Debug */,
				67D05B371E7B47E300153870 /* Release */,
			);
			defaultConfigurationIsVisible = 0;
			defaultConfigurationName = Release;
		};
		67D05B381E7B47E300153870 /* Build configuration list for PBXNativeTarget "MusicSearchTests" */ = {
			isa = XCConfigurationList;
			buildConfigurations = (
				67D05B391E7B47E300153870 /* Debug */,
				67D05B3A1E7B47E300153870 /* Release */,
			);
			defaultConfigurationIsVisible = 0;
			defaultConfigurationName = Release;
		};
/* End XCConfigurationList section */
	};
	rootObject = 67D05B0B1E7B47E300153870 /* Project object */;
}
